
Microsoft Visual Studio Solution File, Format Version 12.00
# Visual Studio Version 16
VisualStudioVersion = 16.0.30204.135
MinimumVisualStudioVersion = 10.0.40219.1
Project("{FAE04EC0-301F-11D3-BF4B-00C04F79EFBC}") = "BookManager", "BookManager\BookManager.csproj", "{EBD94A1B-6C42-4D34-A28F-B321DDAD272D}"
EndProject
Global
	GlobalSection(SolutionConfigurationPlatforms) = preSolution
		Debug|Any CPU = Debug|Any CPU
		Release|Any CPU = Release|Any CPU
	EndGlobalSection
	GlobalSection(ProjectConfigurationPlatforms) = postSolution
		{EBD94A1B-6C42-4D34-A28F-B321DDAD272D}.Debug|Any CPU.ActiveCfg = Debug|Any CPU
		{EBD94A1B-6C42-4D34-A28F-B321DDAD272D}.Debug|Any CPU.Build.0 = Debug|Any CPU
		{EBD94A1B-6C42-4D34-A28F-B321DDAD272D}.Release|Any CPU.ActiveCfg = Release|Any CPU
		{EBD94A1B-6C42-4D34-A28F-B321DDAD272D}.Release|Any CPU.Build.0 = Release|Any CPU
	EndGlobalSection
	GlobalSection(SolutionProperties) = preSolution
		HideSolutionNode = FALSE
	EndGlobalSection
	GlobalSection(ExtensibilityGlobals) = postSolution
		SolutionGuid = {B3DD2C10-3D05-4B0B-A49A-6591C5F355EC}
	EndGlobalSection
EndGlobal
